
Microsoft Visual Studio Solution File, Format Version 12.00
# Visual Studio Version 17
VisualStudioVersion = 17.12.35514.174
MinimumVisualStudioVersion = 10.0.40219.1
Project("{2150E333-8FDC-42A3-9474-1A3956D46DE8}") = "src", "src", "{FD4FA76E-41BD-4848-ADBA-80C7EBD92C54}"
EndProject
Project("{FAE04EC0-301F-11D3-BF4B-00C04F79EFBC}") = "14. Longest Common Prefix", "src\14. Longest Common Prefix\14. Longest Common Prefix.csproj", "{0362173D-2E9C-4F09-9B0A-559694BB12DE}"
EndProject
Project("{FAE04EC0-301F-11D3-BF4B-00C04F79EFBC}") = "20. Valid Parentheses", "src\20. Valid Parentheses\20. Valid Parentheses.csproj", "{F8AE7224-D979-4075-AEBE-0EEBE8BB8434}"
EndProject
Global
	GlobalSection(SolutionConfigurationPlatforms) = preSolution
		Debug|Any CPU = Debug|Any CPU
		Release|Any CPU = Release|Any CPU
	EndGlobalSection
	GlobalSection(ProjectConfigurationPlatforms) = postSolution
		{0362173D-2E9C-4F09-9B0A-559694BB12DE}.Debug|Any CPU.ActiveCfg = Debug|Any CPU
		{0362173D-2E9C-4F09-9B0A-559694BB12DE}.Debug|Any CPU.Build.0 = Debug|Any CPU
		{0362173D-2E9C-4F09-9B0A-559694BB12DE}.Release|Any CPU.ActiveCfg = Release|Any CPU
		{0362173D-2E9C-4F09-9B0A-559694BB12DE}.Release|Any CPU.Build.0 = Release|Any CPU
		{F8AE7224-D979-4075-AEBE-0EEBE8BB8434}.Debug|Any CPU.ActiveCfg = Debug|Any CPU
		{F8AE7224-D979-4075-AEBE-0EEBE8BB8434}.Debug|Any CPU.Build.0 = Debug|Any CPU
		{F8AE7224-D979-4075-AEBE-0EEBE8BB8434}.Release|Any CPU.ActiveCfg = Release|Any CPU
		{F8AE7224-D979-4075-AEBE-0EEBE8BB8434}.Release|Any CPU.Build.0 = Release|Any CPU
	EndGlobalSection
	GlobalSection(SolutionProperties) = preSolution
		HideSolutionNode = FALSE
	EndGlobalSection
	GlobalSection(NestedProjects) = preSolution
		{0362173D-2E9C-4F09-9B0A-559694BB12DE} = {FD4FA76E-41BD-4848-ADBA-80C7EBD92C54}
		{F8AE7224-D979-4075-AEBE-0EEBE8BB8434} = {FD4FA76E-41BD-4848-ADBA-80C7EBD92C54}
	EndGlobalSection
EndGlobal
