
Microsoft Visual Studio Solution File, Format Version 12.00
# Visual Studio Version 17
VisualStudioVersion = 17.12.35514.174
MinimumVisualStudioVersion = 10.0.40219.1
Project("{2150E333-8FDC-42A3-9474-1A3956D46DE8}") = "src", "src", "{FD4FA76E-41BD-4848-ADBA-80C7EBD92C54}"
EndProject
Project("{FAE04EC0-301F-11D3-BF4B-00C04F79EFBC}") = "14. Longest Common Prefix", "src\14. Longest Common Prefix\14. Longest Common Prefix.csproj", "{0362173D-2E9C-4F09-9B0A-559694BB12DE}"
EndProject
Project("{FAE04EC0-301F-11D3-BF4B-00C04F79EFBC}") = "20. Valid Parentheses", "src\20. Valid Parentheses\20. Valid Parentheses.csproj", "{F8AE7224-D979-4075-AEBE-0EEBE8BB8434}"
EndProject
Project("{FAE04EC0-301F-11D3-BF4B-00C04F79EFBC}") = "21. Merge Two Sorted Lists", "src\21. Merge Two Sorted Lists\21. Merge Two Sorted Lists.csproj", "{D3D32693-9BC7-43F6-BBC3-6A9EE9A4838F}"
EndProject
Project("{FAE04EC0-301F-11D3-BF4B-00C04F79EFBC}") = "58. Length of Last Word", "src\58. Length of Last Word\58. Length of Last Word.csproj", "{9128082B-9A4B-45A1-9350-56E46F789404}"
EndProject
Project("{FAE04EC0-301F-11D3-BF4B-00C04F79EFBC}") = "26. Remove Duplicates from Sorted Array", "src\26. Remove Duplicates from Sorted Array\26. Remove Duplicates from Sorted Array.csproj", "{67E1AFA8-33AF-4834-93EB-6A8A5D97B785}"
EndProject
Project("{FAE04EC0-301F-11D3-BF4B-00C04F79EFBC}") = "27. Remove Element", "src\27. Remove Element\27. Remove Element.csproj", "{F07B8EA6-6E05-4430-B711-04B61978D89B}"
EndProject
Project("{FAE04EC0-301F-11D3-BF4B-00C04F79EFBC}") = "28. Find the Index of the First Occurrence in a String", "src\28. Find the Index of the First Occurrence in a String\28. Find the Index of the First Occurrence in a String.csproj", "{ADD78CD6-D171-4103-BA2F-DF55EEDCF272}"
EndProject
Project("{FAE04EC0-301F-11D3-BF4B-00C04F79EFBC}") = "35. Search Insert Position", "src\35. Search Insert Position\35. Search Insert Position.csproj", "{79182838-6786-4A40-BA3A-00038378136E}"
EndProject
Project("{FAE04EC0-301F-11D3-BF4B-00C04F79EFBC}") = "66. Plus One", "src\66. Plus One\66. Plus One.csproj", "{A07B77FC-0294-4504-93C4-92ED0359FD8D}"
EndProject
Project("{FAE04EC0-301F-11D3-BF4B-00C04F79EFBC}") = "67. Add Binary", "src\67. Add Binary\67. Add Binary.csproj", "{E5EA0932-5F98-4E9D-8FEF-C7C0F059C518}"
EndProject
Project("{FAE04EC0-301F-11D3-BF4B-00C04F79EFBC}") = "69. Sqrt(x)", "src\69. Sqrt(x)\69. Sqrt(x).csproj", "{1F26541E-55E1-41DA-B9A9-DC0AEB5BABE8}"
EndProject
Project("{FAE04EC0-301F-11D3-BF4B-00C04F79EFBC}") = "70. Climbing Stairs", "src\70. Climbing Stairs\70. Climbing Stairs.csproj", "{7E5CE293-A488-408C-870A-5D7BBC1E5569}"
EndProject
Project("{FAE04EC0-301F-11D3-BF4B-00C04F79EFBC}") = "83. Remove Duplicates from Sorted List", "src\83. Remove Duplicates from Sorted List\83. Remove Duplicates from Sorted List.csproj", "{CA4E08DA-59D5-488B-907B-CDB23FE23EEB}"
EndProject
Project("{FAE04EC0-301F-11D3-BF4B-00C04F79EFBC}") = "88. Merge Sorted Array", "src\88. Merge Sorted Array\88. Merge Sorted Array.csproj", "{5D1FF99C-95EF-406B-80B6-CE950AAAED73}"
EndProject
Project("{FAE04EC0-301F-11D3-BF4B-00C04F79EFBC}") = "94. Binary Tree Inorder Traversal", "src\94. Binary Tree Inorder Traversal\94. Binary Tree Inorder Traversal.csproj", "{3D7F3AC5-B227-419B-AC02-B2864301211F}"
EndProject
Project("{FAE04EC0-301F-11D3-BF4B-00C04F79EFBC}") = "100. Same Tree", "src\100. Same Tree\100. Same Tree.csproj", "{DA45521D-6503-46F4-B15F-DF6265472581}"
EndProject
Project("{FAE04EC0-301F-11D3-BF4B-00C04F79EFBC}") = "101. Symmetric Tree", "src\101. Symmetric Tree\101. Symmetric Tree.csproj", "{1C4F04AE-6064-4A73-ABCF-A92C1ACC0335}"
EndProject
Project("{FAE04EC0-301F-11D3-BF4B-00C04F79EFBC}") = "104. Maximum Depth of Binary Tree", "src\104. Maximum Depth of Binary Tree\104. Maximum Depth of Binary Tree.csproj", "{9DC2D7DD-9AD4-47DE-8126-5DD9289DBF1C}"
EndProject
Project("{2150E333-8FDC-42A3-9474-1A3956D46DE8}") = "easy", "easy", "{40DB9861-DA3D-4753-8139-3ACEA2E072FC}"
EndProject
Project("{2150E333-8FDC-42A3-9474-1A3956D46DE8}") = "medium", "medium", "{1E6C0C27-7B4C-45F5-8B5F-EF37F4EAFFC5}"
EndProject
Project("{2150E333-8FDC-42A3-9474-1A3956D46DE8}") = "hard", "hard", "{48B0E5E0-2BD5-42BF-A271-4EED6FA9A5F8}"
EndProject
Project("{FAE04EC0-301F-11D3-BF4B-00C04F79EFBC}") = "4. Median of Two Sorted Arrays", "src\4. Median of Two Sorted Arrays\4. Median of Two Sorted Arrays.csproj", "{0E447DB3-3067-4E61-8D89-55C32E47D8FA}"
EndProject
Global
	GlobalSection(SolutionConfigurationPlatforms) = preSolution
		Debug|Any CPU = Debug|Any CPU
		Release|Any CPU = Release|Any CPU
	EndGlobalSection
	GlobalSection(ProjectConfigurationPlatforms) = postSolution
		{0362173D-2E9C-4F09-9B0A-559694BB12DE}.Debug|Any CPU.ActiveCfg = Debug|Any CPU
		{0362173D-2E9C-4F09-9B0A-559694BB12DE}.Debug|Any CPU.Build.0 = Debug|Any CPU
		{0362173D-2E9C-4F09-9B0A-559694BB12DE}.Release|Any CPU.ActiveCfg = Release|Any CPU
		{0362173D-2E9C-4F09-9B0A-559694BB12DE}.Release|Any CPU.Build.0 = Release|Any CPU
		{F8AE7224-D979-4075-AEBE-0EEBE8BB8434}.Debug|Any CPU.ActiveCfg = Debug|Any CPU
		{F8AE7224-D979-4075-AEBE-0EEBE8BB8434}.Debug|Any CPU.Build.0 = Debug|Any CPU
		{F8AE7224-D979-4075-AEBE-0EEBE8BB8434}.Release|Any CPU.ActiveCfg = Release|Any CPU
		{F8AE7224-D979-4075-AEBE-0EEBE8BB8434}.Release|Any CPU.Build.0 = Release|Any CPU
		{D3D32693-9BC7-43F6-BBC3-6A9EE9A4838F}.Debug|Any CPU.ActiveCfg = Debug|Any CPU
		{D3D32693-9BC7-43F6-BBC3-6A9EE9A4838F}.Debug|Any CPU.Build.0 = Debug|Any CPU
		{D3D32693-9BC7-43F6-BBC3-6A9EE9A4838F}.Release|Any CPU.ActiveCfg = Release|Any CPU
		{D3D32693-9BC7-43F6-BBC3-6A9EE9A4838F}.Release|Any CPU.Build.0 = Release|Any CPU
		{9128082B-9A4B-45A1-9350-56E46F789404}.Debug|Any CPU.ActiveCfg = Debug|Any CPU
		{9128082B-9A4B-45A1-9350-56E46F789404}.Debug|Any CPU.Build.0 = Debug|Any CPU
		{9128082B-9A4B-45A1-9350-56E46F789404}.Release|Any CPU.ActiveCfg = Release|Any CPU
		{9128082B-9A4B-45A1-9350-56E46F789404}.Release|Any CPU.Build.0 = Release|Any CPU
		{67E1AFA8-33AF-4834-93EB-6A8A5D97B785}.Debug|Any CPU.ActiveCfg = Debug|Any CPU
		{67E1AFA8-33AF-4834-93EB-6A8A5D97B785}.Debug|Any CPU.Build.0 = Debug|Any CPU
		{67E1AFA8-33AF-4834-93EB-6A8A5D97B785}.Release|Any CPU.ActiveCfg = Release|Any CPU
		{67E1AFA8-33AF-4834-93EB-6A8A5D97B785}.Release|Any CPU.Build.0 = Release|Any CPU
		{F07B8EA6-6E05-4430-B711-04B61978D89B}.Debug|Any CPU.ActiveCfg = Debug|Any CPU
		{F07B8EA6-6E05-4430-B711-04B61978D89B}.Debug|Any CPU.Build.0 = Debug|Any CPU
		{F07B8EA6-6E05-4430-B711-04B61978D89B}.Release|Any CPU.ActiveCfg = Release|Any CPU
		{F07B8EA6-6E05-4430-B711-04B61978D89B}.Release|Any CPU.Build.0 = Release|Any CPU
		{ADD78CD6-D171-4103-BA2F-DF55EEDCF272}.Debug|Any CPU.ActiveCfg = Debug|Any CPU
		{ADD78CD6-D171-4103-BA2F-DF55EEDCF272}.Debug|Any CPU.Build.0 = Debug|Any CPU
		{ADD78CD6-D171-4103-BA2F-DF55EEDCF272}.Release|Any CPU.ActiveCfg = Release|Any CPU
		{ADD78CD6-D171-4103-BA2F-DF55EEDCF272}.Release|Any CPU.Build.0 = Release|Any CPU
		{79182838-6786-4A40-BA3A-00038378136E}.Debug|Any CPU.ActiveCfg = Debug|Any CPU
		{79182838-6786-4A40-BA3A-00038378136E}.Debug|Any CPU.Build.0 = Debug|Any CPU
		{79182838-6786-4A40-BA3A-00038378136E}.Release|Any CPU.ActiveCfg = Release|Any CPU
		{79182838-6786-4A40-BA3A-00038378136E}.Release|Any CPU.Build.0 = Release|Any CPU
		{A07B77FC-0294-4504-93C4-92ED0359FD8D}.Debug|Any CPU.ActiveCfg = Debug|Any CPU
		{A07B77FC-0294-4504-93C4-92ED0359FD8D}.Debug|Any CPU.Build.0 = Debug|Any CPU
		{A07B77FC-0294-4504-93C4-92ED0359FD8D}.Release|Any CPU.ActiveCfg = Release|Any CPU
		{A07B77FC-0294-4504-93C4-92ED0359FD8D}.Release|Any CPU.Build.0 = Release|Any CPU
		{E5EA0932-5F98-4E9D-8FEF-C7C0F059C518}.Debug|Any CPU.ActiveCfg = Debug|Any CPU
		{E5EA0932-5F98-4E9D-8FEF-C7C0F059C518}.Debug|Any CPU.Build.0 = Debug|Any CPU
		{E5EA0932-5F98-4E9D-8FEF-C7C0F059C518}.Release|Any CPU.ActiveCfg = Release|Any CPU
		{E5EA0932-5F98-4E9D-8FEF-C7C0F059C518}.Release|Any CPU.Build.0 = Release|Any CPU
		{1F26541E-55E1-41DA-B9A9-DC0AEB5BABE8}.Debug|Any CPU.ActiveCfg = Debug|Any CPU
		{1F26541E-55E1-41DA-B9A9-DC0AEB5BABE8}.Debug|Any CPU.Build.0 = Debug|Any CPU
		{1F26541E-55E1-41DA-B9A9-DC0AEB5BABE8}.Release|Any CPU.ActiveCfg = Release|Any CPU
		{1F26541E-55E1-41DA-B9A9-DC0AEB5BABE8}.Release|Any CPU.Build.0 = Release|Any CPU
		{7E5CE293-A488-408C-870A-5D7BBC1E5569}.Debug|Any CPU.ActiveCfg = Debug|Any CPU
		{7E5CE293-A488-408C-870A-5D7BBC1E5569}.Debug|Any CPU.Build.0 = Debug|Any CPU
		{7E5CE293-A488-408C-870A-5D7BBC1E5569}.Release|Any CPU.ActiveCfg = Release|Any CPU
		{7E5CE293-A488-408C-870A-5D7BBC1E5569}.Release|Any CPU.Build.0 = Release|Any CPU
		{CA4E08DA-59D5-488B-907B-CDB23FE23EEB}.Debug|Any CPU.ActiveCfg = Debug|Any CPU
		{CA4E08DA-59D5-488B-907B-CDB23FE23EEB}.Debug|Any CPU.Build.0 = Debug|Any CPU
		{CA4E08DA-59D5-488B-907B-CDB23FE23EEB}.Release|Any CPU.ActiveCfg = Release|Any CPU
		{CA4E08DA-59D5-488B-907B-CDB23FE23EEB}.Release|Any CPU.Build.0 = Release|Any CPU
		{5D1FF99C-95EF-406B-80B6-CE950AAAED73}.Debug|Any CPU.ActiveCfg = Debug|Any CPU
		{5D1FF99C-95EF-406B-80B6-CE950AAAED73}.Debug|Any CPU.Build.0 = Debug|Any CPU
		{5D1FF99C-95EF-406B-80B6-CE950AAAED73}.Release|Any CPU.ActiveCfg = Release|Any CPU
		{5D1FF99C-95EF-406B-80B6-CE950AAAED73}.Release|Any CPU.Build.0 = Release|Any CPU
		{3D7F3AC5-B227-419B-AC02-B2864301211F}.Debug|Any CPU.ActiveCfg = Debug|Any CPU
		{3D7F3AC5-B227-419B-AC02-B2864301211F}.Debug|Any CPU.Build.0 = Debug|Any CPU
		{3D7F3AC5-B227-419B-AC02-B2864301211F}.Release|Any CPU.ActiveCfg = Release|Any CPU
		{3D7F3AC5-B227-419B-AC02-B2864301211F}.Release|Any CPU.Build.0 = Release|Any CPU
		{DA45521D-6503-46F4-B15F-DF6265472581}.Debug|Any CPU.ActiveCfg = Debug|Any CPU
		{DA45521D-6503-46F4-B15F-DF6265472581}.Debug|Any CPU.Build.0 = Debug|Any CPU
		{DA45521D-6503-46F4-B15F-DF6265472581}.Release|Any CPU.ActiveCfg = Release|Any CPU
		{DA45521D-6503-46F4-B15F-DF6265472581}.Release|Any CPU.Build.0 = Release|Any CPU
		{1C4F04AE-6064-4A73-ABCF-A92C1ACC0335}.Debug|Any CPU.ActiveCfg = Debug|Any CPU
		{1C4F04AE-6064-4A73-ABCF-A92C1ACC0335}.Debug|Any CPU.Build.0 = Debug|Any CPU
		{1C4F04AE-6064-4A73-ABCF-A92C1ACC0335}.Release|Any CPU.ActiveCfg = Release|Any CPU
		{1C4F04AE-6064-4A73-ABCF-A92C1ACC0335}.Release|Any CPU.Build.0 = Release|Any CPU
		{9DC2D7DD-9AD4-47DE-8126-5DD9289DBF1C}.Debug|Any CPU.ActiveCfg = Debug|Any CPU
		{9DC2D7DD-9AD4-47DE-8126-5DD9289DBF1C}.Debug|Any CPU.Build.0 = Debug|Any CPU
		{9DC2D7DD-9AD4-47DE-8126-5DD9289DBF1C}.Release|Any CPU.ActiveCfg = Release|Any CPU
		{9DC2D7DD-9AD4-47DE-8126-5DD9289DBF1C}.Release|Any CPU.Build.0 = Release|Any CPU
		{0E447DB3-3067-4E61-8D89-55C32E47D8FA}.Debug|Any CPU.ActiveCfg = Debug|Any CPU
		{0E447DB3-3067-4E61-8D89-55C32E47D8FA}.Debug|Any CPU.Build.0 = Debug|Any CPU
		{0E447DB3-3067-4E61-8D89-55C32E47D8FA}.Release|Any CPU.ActiveCfg = Release|Any CPU
		{0E447DB3-3067-4E61-8D89-55C32E47D8FA}.Release|Any CPU.Build.0 = Release|Any CPU
	EndGlobalSection
	GlobalSection(SolutionProperties) = preSolution
		HideSolutionNode = FALSE
	EndGlobalSection
	GlobalSection(NestedProjects) = preSolution
		{0362173D-2E9C-4F09-9B0A-559694BB12DE} = {40DB9861-DA3D-4753-8139-3ACEA2E072FC}
		{F8AE7224-D979-4075-AEBE-0EEBE8BB8434} = {40DB9861-DA3D-4753-8139-3ACEA2E072FC}
		{D3D32693-9BC7-43F6-BBC3-6A9EE9A4838F} = {40DB9861-DA3D-4753-8139-3ACEA2E072FC}
		{9128082B-9A4B-45A1-9350-56E46F789404} = {40DB9861-DA3D-4753-8139-3ACEA2E072FC}
		{67E1AFA8-33AF-4834-93EB-6A8A5D97B785} = {40DB9861-DA3D-4753-8139-3ACEA2E072FC}
		{F07B8EA6-6E05-4430-B711-04B61978D89B} = {40DB9861-DA3D-4753-8139-3ACEA2E072FC}
		{ADD78CD6-D171-4103-BA2F-DF55EEDCF272} = {40DB9861-DA3D-4753-8139-3ACEA2E072FC}
		{79182838-6786-4A40-BA3A-00038378136E} = {40DB9861-DA3D-4753-8139-3ACEA2E072FC}
		{A07B77FC-0294-4504-93C4-92ED0359FD8D} = {40DB9861-DA3D-4753-8139-3ACEA2E072FC}
		{E5EA0932-5F98-4E9D-8FEF-C7C0F059C518} = {40DB9861-DA3D-4753-8139-3ACEA2E072FC}
		{1F26541E-55E1-41DA-B9A9-DC0AEB5BABE8} = {40DB9861-DA3D-4753-8139-3ACEA2E072FC}
		{7E5CE293-A488-408C-870A-5D7BBC1E5569} = {40DB9861-DA3D-4753-8139-3ACEA2E072FC}
		{CA4E08DA-59D5-488B-907B-CDB23FE23EEB} = {40DB9861-DA3D-4753-8139-3ACEA2E072FC}
		{5D1FF99C-95EF-406B-80B6-CE950AAAED73} = {40DB9861-DA3D-4753-8139-3ACEA2E072FC}
		{3D7F3AC5-B227-419B-AC02-B2864301211F} = {40DB9861-DA3D-4753-8139-3ACEA2E072FC}
		{DA45521D-6503-46F4-B15F-DF6265472581} = {40DB9861-DA3D-4753-8139-3ACEA2E072FC}
		{1C4F04AE-6064-4A73-ABCF-A92C1ACC0335} = {40DB9861-DA3D-4753-8139-3ACEA2E072FC}
		{9DC2D7DD-9AD4-47DE-8126-5DD9289DBF1C} = {40DB9861-DA3D-4753-8139-3ACEA2E072FC}
		{40DB9861-DA3D-4753-8139-3ACEA2E072FC} = {FD4FA76E-41BD-4848-ADBA-80C7EBD92C54}
		{1E6C0C27-7B4C-45F5-8B5F-EF37F4EAFFC5} = {FD4FA76E-41BD-4848-ADBA-80C7EBD92C54}
		{48B0E5E0-2BD5-42BF-A271-4EED6FA9A5F8} = {FD4FA76E-41BD-4848-ADBA-80C7EBD92C54}
		{0E447DB3-3067-4E61-8D89-55C32E47D8FA} = {48B0E5E0-2BD5-42BF-A271-4EED6FA9A5F8}
	EndGlobalSection
EndGlobal
